
Microsoft Visual Studio Solution File, Format Version 12.00
# Visual Studio Version 17
VisualStudioVersion = 17.14.36414.22
MinimumVisualStudioVersion = 10.0.40219.1
Project("{888888A0-9F3D-457C-B088-3A5042F75D52}") = "Practice1", "Practice1\Practice1.pyproj", "{B9DE99FE-CF23-4662-BF2A-69059CFC42B2}"
EndProject
Project("{888888A0-9F3D-457C-B088-3A5042F75D52}") = "Practice2", "Practice2\Practice2.pyproj", "{72EC5685-9F53-484A-9EBA-65FA2C712A34}"
EndProject
Project("{2150E333-8FDC-42A3-9474-1A3956D46DE8}") = "OTHER", "OTHER", "{36D591C7-65C7-A0D1-1CBC-10CDE441BDC8}"
	ProjectSection(SolutionItems) = preProject
		LAYOUTS.txt = LAYOUTS.txt
	EndProjectSection
EndProject
Global
	GlobalSection(SolutionConfigurationPlatforms) = preSolution
		Debug|Any CPU = Debug|Any CPU
		Release|Any CPU = Release|Any CPU
	EndGlobalSection
	GlobalSection(ProjectConfigurationPlatforms) = postSolution
		{B9DE99FE-CF23-4662-BF2A-69059CFC42B2}.Debug|Any CPU.ActiveCfg = Debug|Any CPU
		{B9DE99FE-CF23-4662-BF2A-69059CFC42B2}.Release|Any CPU.ActiveCfg = Release|Any CPU
		{72EC5685-9F53-484A-9EBA-65FA2C712A34}.Debug|Any CPU.ActiveCfg = Debug|Any CPU
		{72EC5685-9F53-484A-9EBA-65FA2C712A34}.Release|Any CPU.ActiveCfg = Release|Any CPU
	EndGlobalSection
	GlobalSection(SolutionProperties) = preSolution
		HideSolutionNode = FALSE
	EndGlobalSection
	GlobalSection(ExtensibilityGlobals) = postSolution
		SolutionGuid = {04B32848-D356-42E8-AB9B-8424F573A7ED}
	EndGlobalSection
EndGlobal
